Microsoft Visual Studio Solution File, Format Version 12.00
# Visual Studio 15
VisualStudioVersion = 15.0.26430.14
MinimumVisualStudioVersion = 10.0.40219.1
Project("{2150E333-8FDC-42A3-9474-1A3956D46DE8}") = "src", "src", "{1C330E74-55CB-4104-9BF6-8F9BC0770AAB}"
EndProject
Project("{2150E333-8FDC-42A3-9474-1A3956D46DE8}") = "test", "test", "{5972DDBD-7234-450B-A7FE-9442C81A285F}"
EndProject
Project("{9A19103F-16F7-4668-BE54-9A1E7A4F7556}") = "Itemify", "src\Itemify\Itemify.csproj", "{3F6D073C-EF6C-4558-953C-5117844CBDFD}"
EndProject
Project("{9A19103F-16F7-4668-BE54-9A1E7A4F7556}") = "Itemify.Shared", "src\Itemify.Shared\Itemify.Shared.csproj", "{39E1980E-DDAF-418A-9D00-50A0E054C72A}"
EndProject
Project("{9A19103F-16F7-4668-BE54-9A1E7A4F7556}") = "Itemify.PostgreSql", "src\Itemify.PostgreSql\Itemify.PostgreSql.csproj", "{FAD52536-7F7B-41F5-9C7A-5F4431A6C117}"
EndProject
Project("{9A19103F-16F7-4668-BE54-9A1E7A4F7556}") = "Itemify.Core", "src\Itemify.Core\Itemify.Core.csproj", "{2E4A8899-3294-4C9D-9D2F-07CC97F79BF8}"
EndProject
Project("{9A19103F-16F7-4668-BE54-9A1E7A4F7556}") = "Itemify.Spec", "test\Itemify.Spec\Itemify.Spec.csproj", "{054E0172-B4B3-4EF0-965E-918FE2D10C05}"
EndProject
Project("{9A19103F-16F7-4668-BE54-9A1E7A4F7556}") = "Itemofy.Core.Tests", "test\Itemify.Core.Tests\Itemofy.Core.Tests.csproj", "{ECD2F7EC-20B5-4F24-BFCF-308483B1B1B4}"
EndProject
Project("{FAE04EC0-301F-11D3-BF4B-00C04F79EFBC}") = "Itemify.Core.PostgreSql.Tests", "test\Itemify.Core.PostgreSql.Tests\Itemify.Core.PostgreSql.Tests.csproj", "{CF891F59-E582-4FCE-ACA0-3903921CB005}"
EndProject
Global
	GlobalSection(SolutionConfigurationPlatforms) = preSolution
		Debug|Any CPU = Debug|Any CPU
		Release|Any CPU = Release|Any CPU
	EndGlobalSection
	GlobalSection(ProjectConfigurationPlatforms) = postSolution
		{3F6D073C-EF6C-4558-953C-5117844CBDFD}.Debug|Any CPU.ActiveCfg = Debug|Any CPU
		{3F6D073C-EF6C-4558-953C-5117844CBDFD}.Debug|Any CPU.Build.0 = Debug|Any CPU
		{3F6D073C-EF6C-4558-953C-5117844CBDFD}.Release|Any CPU.ActiveCfg = Release|Any CPU
		{3F6D073C-EF6C-4558-953C-5117844CBDFD}.Release|Any CPU.Build.0 = Release|Any CPU
		{39E1980E-DDAF-418A-9D00-50A0E054C72A}.Debug|Any CPU.ActiveCfg = Debug|Any CPU
		{39E1980E-DDAF-418A-9D00-50A0E054C72A}.Debug|Any CPU.Build.0 = Debug|Any CPU
		{39E1980E-DDAF-418A-9D00-50A0E054C72A}.Release|Any CPU.ActiveCfg = Release|Any CPU
		{39E1980E-DDAF-418A-9D00-50A0E054C72A}.Release|Any CPU.Build.0 = Release|Any CPU
		{FAD52536-7F7B-41F5-9C7A-5F4431A6C117}.Debug|Any CPU.ActiveCfg = Debug|Any CPU
		{FAD52536-7F7B-41F5-9C7A-5F4431A6C117}.Debug|Any CPU.Build.0 = Debug|Any CPU
		{FAD52536-7F7B-41F5-9C7A-5F4431A6C117}.Release|Any CPU.ActiveCfg = Release|Any CPU
		{FAD52536-7F7B-41F5-9C7A-5F4431A6C117}.Release|Any CPU.Build.0 = Release|Any CPU
		{2E4A8899-3294-4C9D-9D2F-07CC97F79BF8}.Debug|Any CPU.ActiveCfg = Debug|Any CPU
		{2E4A8899-3294-4C9D-9D2F-07CC97F79BF8}.Debug|Any CPU.Build.0 = Debug|Any CPU
		{2E4A8899-3294-4C9D-9D2F-07CC97F79BF8}.Release|Any CPU.ActiveCfg = Release|Any CPU
		{2E4A8899-3294-4C9D-9D2F-07CC97F79BF8}.Release|Any CPU.Build.0 = Release|Any CPU
		{054E0172-B4B3-4EF0-965E-918FE2D10C05}.Debug|Any CPU.ActiveCfg = Debug|Any CPU
		{054E0172-B4B3-4EF0-965E-918FE2D10C05}.Debug|Any CPU.Build.0 = Debug|Any CPU
		{054E0172-B4B3-4EF0-965E-918FE2D10C05}.Release|Any CPU.ActiveCfg = Release|Any CPU
		{054E0172-B4B3-4EF0-965E-918FE2D10C05}.Release|Any CPU.Build.0 = Release|Any CPU
		{ECD2F7EC-20B5-4F24-BFCF-308483B1B1B4}.Debug|Any CPU.ActiveCfg = Debug|Any CPU
		{ECD2F7EC-20B5-4F24-BFCF-308483B1B1B4}.Debug|Any CPU.Build.0 = Debug|Any CPU
		{ECD2F7EC-20B5-4F24-BFCF-308483B1B1B4}.Release|Any CPU.ActiveCfg = Release|Any CPU
		{ECD2F7EC-20B5-4F24-BFCF-308483B1B1B4}.Release|Any CPU.Build.0 = Release|Any CPU
		{CF891F59-E582-4FCE-ACA0-3903921CB005}.Debug|Any CPU.ActiveCfg = Debug|Any CPU
		{CF891F59-E582-4FCE-ACA0-3903921CB005}.Debug|Any CPU.Build.0 = Debug|Any CPU
		{CF891F59-E582-4FCE-ACA0-3903921CB005}.Release|Any CPU.ActiveCfg = Release|Any CPU
		{CF891F59-E582-4FCE-ACA0-3903921CB005}.Release|Any CPU.Build.0 = Release|Any CPU
	EndGlobalSection
	GlobalSection(SolutionProperties) = preSolution
		HideSolutionNode = FALSE
	EndGlobalSection
	GlobalSection(NestedProjects) = preSolution
		{3F6D073C-EF6C-4558-953C-5117844CBDFD} = {1C330E74-55CB-4104-9BF6-8F9BC0770AAB}
		{39E1980E-DDAF-418A-9D00-50A0E054C72A} = {1C330E74-55CB-4104-9BF6-8F9BC0770AAB}
		{FAD52536-7F7B-41F5-9C7A-5F4431A6C117} = {1C330E74-55CB-4104-9BF6-8F9BC0770AAB}
		{2E4A8899-3294-4C9D-9D2F-07CC97F79BF8} = {1C330E74-55CB-4104-9BF6-8F9BC0770AAB}
		{054E0172-B4B3-4EF0-965E-918FE2D10C05} = {5972DDBD-7234-450B-A7FE-9442C81A285F}
		{ECD2F7EC-20B5-4F24-BFCF-308483B1B1B4} = {5972DDBD-7234-450B-A7FE-9442C81A285F}
		{CF891F59-E582-4FCE-ACA0-3903921CB005} = {5972DDBD-7234-450B-A7FE-9442C81A285F}
	EndGlobalSection
EndGlobal
