
Microsoft Visual Studio Solution File, Format Version 12.00
# Visual Studio 14
VisualStudioVersion = 14.0.25420.1
MinimumVisualStudioVersion = 10.0.40219.1
Project("{2150E333-8FDC-42A3-9474-1A3956D46DE8}") = "src", "src", "{1C330E74-55CB-4104-9BF6-8F9BC0770AAB}"
EndProject
Project("{2150E333-8FDC-42A3-9474-1A3956D46DE8}") = "Solution Items", "Solution Items", "{F6440C46-2DA7-46B2-9FDE-7EBC259D7C2D}"
	ProjectSection(SolutionItems) = preProject
		global.json = global.json
	EndProjectSection
EndProject
Project("{8BB2217D-0F2D-49D1-97BC-3654ED321F3B}") = "Itemify", "src\Itemify\Itemify.xproj", "{3F6D073C-EF6C-4558-953C-5117844CBDFD}"
EndProject
Project("{8BB2217D-0F2D-49D1-97BC-3654ED321F3B}") = "Itemify.Shared", "src\Itemify.Shared\Itemify.Shared.xproj", "{39E1980E-DDAF-418A-9D00-50A0E054C72A}"
EndProject
Project("{8BB2217D-0F2D-49D1-97BC-3654ED321F3B}") = "Itemify.PostgreSql", "src\Itemify.PostgreSql\Itemify.PostgreSql.xproj", "{FAD52536-7F7B-41F5-9C7A-5F4431A6C117}"
EndProject
Project("{8BB2217D-0F2D-49D1-97BC-3654ED321F3B}") = "Itemify.Core", "src\Itemify.Core\Itemify.Core.xproj", "{2E4A8899-3294-4C9D-9D2F-07CC97F79BF8}"
EndProject
Project("{8BB2217D-0F2D-49D1-97BC-3654ED321F3B}") = "Itemify.Spec", "test\Itemify.Spec\Itemify.Spec.xproj", "{054E0172-B4B3-4EF0-965E-918FE2D10C05}"
EndProject
Project("{8BB2217D-0F2D-49D1-97BC-3654ED321F3B}") = "Itemify.Core.Spec", "test\Itemify.Core.Tests\Itemify.Core.Spec.xproj", "{B5790E48-F948-4981-9066-A338D024B5AE}"
EndProject
Project("{8BB2217D-0F2D-49D1-97BC-3654ED321F3B}") = "Itemify.Core.PostgreSql.Spec", "test\Itemify.Core.PostgreSql.Spec\Itemify.Core.PostgreSql.Spec.xproj", "{673E1119-6557-4870-AAEE-39E9931526A0}"
EndProject
Project("{2150E333-8FDC-42A3-9474-1A3956D46DE8}") = "test", "test", "{5972DDBD-7234-450B-A7FE-9442C81A285F}"
EndProject
Global
	GlobalSection(SolutionConfigurationPlatforms) = preSolution
		Debug|Any CPU = Debug|Any CPU
		Release|Any CPU = Release|Any CPU
	EndGlobalSection
	GlobalSection(ProjectConfigurationPlatforms) = postSolution
		{3F6D073C-EF6C-4558-953C-5117844CBDFD}.Debug|Any CPU.ActiveCfg = Debug|Any CPU
		{3F6D073C-EF6C-4558-953C-5117844CBDFD}.Debug|Any CPU.Build.0 = Debug|Any CPU
		{3F6D073C-EF6C-4558-953C-5117844CBDFD}.Release|Any CPU.ActiveCfg = Release|Any CPU
		{3F6D073C-EF6C-4558-953C-5117844CBDFD}.Release|Any CPU.Build.0 = Release|Any CPU
		{39E1980E-DDAF-418A-9D00-50A0E054C72A}.Debug|Any CPU.ActiveCfg = Debug|Any CPU
		{39E1980E-DDAF-418A-9D00-50A0E054C72A}.Debug|Any CPU.Build.0 = Debug|Any CPU
		{39E1980E-DDAF-418A-9D00-50A0E054C72A}.Release|Any CPU.ActiveCfg = Release|Any CPU
		{39E1980E-DDAF-418A-9D00-50A0E054C72A}.Release|Any CPU.Build.0 = Release|Any CPU
		{FAD52536-7F7B-41F5-9C7A-5F4431A6C117}.Debug|Any CPU.ActiveCfg = Debug|Any CPU
		{FAD52536-7F7B-41F5-9C7A-5F4431A6C117}.Debug|Any CPU.Build.0 = Debug|Any CPU
		{FAD52536-7F7B-41F5-9C7A-5F4431A6C117}.Release|Any CPU.ActiveCfg = Release|Any CPU
		{FAD52536-7F7B-41F5-9C7A-5F4431A6C117}.Release|Any CPU.Build.0 = Release|Any CPU
		{2E4A8899-3294-4C9D-9D2F-07CC97F79BF8}.Debug|Any CPU.ActiveCfg = Debug|Any CPU
		{2E4A8899-3294-4C9D-9D2F-07CC97F79BF8}.Debug|Any CPU.Build.0 = Debug|Any CPU
		{2E4A8899-3294-4C9D-9D2F-07CC97F79BF8}.Release|Any CPU.ActiveCfg = Release|Any CPU
		{2E4A8899-3294-4C9D-9D2F-07CC97F79BF8}.Release|Any CPU.Build.0 = Release|Any CPU
		{054E0172-B4B3-4EF0-965E-918FE2D10C05}.Debug|Any CPU.ActiveCfg = Debug|Any CPU
		{054E0172-B4B3-4EF0-965E-918FE2D10C05}.Debug|Any CPU.Build.0 = Debug|Any CPU
		{054E0172-B4B3-4EF0-965E-918FE2D10C05}.Release|Any CPU.ActiveCfg = Release|Any CPU
		{054E0172-B4B3-4EF0-965E-918FE2D10C05}.Release|Any CPU.Build.0 = Release|Any CPU
		{B5790E48-F948-4981-9066-A338D024B5AE}.Debug|Any CPU.ActiveCfg = Debug|Any CPU
		{B5790E48-F948-4981-9066-A338D024B5AE}.Debug|Any CPU.Build.0 = Debug|Any CPU
		{B5790E48-F948-4981-9066-A338D024B5AE}.Release|Any CPU.ActiveCfg = Release|Any CPU
		{B5790E48-F948-4981-9066-A338D024B5AE}.Release|Any CPU.Build.0 = Release|Any CPU
		{673E1119-6557-4870-AAEE-39E9931526A0}.Debug|Any CPU.ActiveCfg = Debug|Any CPU
		{673E1119-6557-4870-AAEE-39E9931526A0}.Debug|Any CPU.Build.0 = Debug|Any CPU
		{673E1119-6557-4870-AAEE-39E9931526A0}.Release|Any CPU.ActiveCfg = Release|Any CPU
		{673E1119-6557-4870-AAEE-39E9931526A0}.Release|Any CPU.Build.0 = Release|Any CPU
	EndGlobalSection
	GlobalSection(SolutionProperties) = preSolution
		HideSolutionNode = FALSE
	EndGlobalSection
	GlobalSection(NestedProjects) = preSolution
		{3F6D073C-EF6C-4558-953C-5117844CBDFD} = {1C330E74-55CB-4104-9BF6-8F9BC0770AAB}
		{39E1980E-DDAF-418A-9D00-50A0E054C72A} = {1C330E74-55CB-4104-9BF6-8F9BC0770AAB}
		{FAD52536-7F7B-41F5-9C7A-5F4431A6C117} = {1C330E74-55CB-4104-9BF6-8F9BC0770AAB}
		{2E4A8899-3294-4C9D-9D2F-07CC97F79BF8} = {1C330E74-55CB-4104-9BF6-8F9BC0770AAB}
		{054E0172-B4B3-4EF0-965E-918FE2D10C05} = {5972DDBD-7234-450B-A7FE-9442C81A285F}
		{B5790E48-F948-4981-9066-A338D024B5AE} = {5972DDBD-7234-450B-A7FE-9442C81A285F}
		{673E1119-6557-4870-AAEE-39E9931526A0} = {5972DDBD-7234-450B-A7FE-9442C81A285F}
	EndGlobalSection
EndGlobal
